
Microsoft Visual Studio Solution File, Format Version 12.00
# Visual Studio Version 16
VisualStudioVersion = 16.0.30204.135
MinimumVisualStudioVersion = 10.0.40219.1
Project("{9A19103F-16F7-4668-BE54-9A1E7A4F7556}") = "ModernChat.API", "ModernChat.API\ModernChat.API.csproj", "{07A78E04-5E9C-4A44-9AE9-E82ECCA9A369}"
EndProject
Project("{FAE04EC0-301F-11D3-BF4B-00C04F79EFBC}") = "ModernChat.Data", "ModernChat.Data\ModernChat.Data.csproj", "{ABC77DE1-818B-4C96-95EA-3D1E87952B09}"
EndProject
Project("{FAE04EC0-301F-11D3-BF4B-00C04F79EFBC}") = "ModernChat.Domain", "ModernChat.Domain\ModernChat.Domain.csproj", "{4A40DE3E-6DAF-49B4-9ACA-B9ABE89D013E}"
EndProject
Project("{FAE04EC0-301F-11D3-BF4B-00C04F79EFBC}") = "ModernChat.Models", "ModernChat.Models\ModernChat.Models.csproj", "{946DB054-CEA9-45D7-9B76-C8AE55F50363}"
EndProject
Project("{FAE04EC0-301F-11D3-BF4B-00C04F79EFBC}") = "ModernChat.Services", "ModernChat.Services\ModernChat.Services.csproj", "{5A497406-3BA6-4CFC-938C-C45C4706BA18}"
EndProject
Global
	GlobalSection(SolutionConfigurationPlatforms) = preSolution
		Debug|Any CPU = Debug|Any CPU
		Release|Any CPU = Release|Any CPU
	EndGlobalSection
	GlobalSection(ProjectConfigurationPlatforms) = postSolution
		{07A78E04-5E9C-4A44-9AE9-E82ECCA9A369}.Debug|Any CPU.ActiveCfg = Debug|Any CPU
		{07A78E04-5E9C-4A44-9AE9-E82ECCA9A369}.Debug|Any CPU.Build.0 = Debug|Any CPU
		{07A78E04-5E9C-4A44-9AE9-E82ECCA9A369}.Release|Any CPU.ActiveCfg = Release|Any CPU
		{07A78E04-5E9C-4A44-9AE9-E82ECCA9A369}.Release|Any CPU.Build.0 = Release|Any CPU
		{ABC77DE1-818B-4C96-95EA-3D1E87952B09}.Debug|Any CPU.ActiveCfg = Debug|Any CPU
		{ABC77DE1-818B-4C96-95EA-3D1E87952B09}.Debug|Any CPU.Build.0 = Debug|Any CPU
		{ABC77DE1-818B-4C96-95EA-3D1E87952B09}.Release|Any CPU.ActiveCfg = Release|Any CPU
		{ABC77DE1-818B-4C96-95EA-3D1E87952B09}.Release|Any CPU.Build.0 = Release|Any CPU
		{4A40DE3E-6DAF-49B4-9ACA-B9ABE89D013E}.Debug|Any CPU.ActiveCfg = Debug|Any CPU
		{4A40DE3E-6DAF-49B4-9ACA-B9ABE89D013E}.Debug|Any CPU.Build.0 = Debug|Any CPU
		{4A40DE3E-6DAF-49B4-9ACA-B9ABE89D013E}.Release|Any CPU.ActiveCfg = Release|Any CPU
		{4A40DE3E-6DAF-49B4-9ACA-B9ABE89D013E}.Release|Any CPU.Build.0 = Release|Any CPU
		{946DB054-CEA9-45D7-9B76-C8AE55F50363}.Debug|Any CPU.ActiveCfg = Debug|Any CPU
		{946DB054-CEA9-45D7-9B76-C8AE55F50363}.Debug|Any CPU.Build.0 = Debug|Any CPU
		{946DB054-CEA9-45D7-9B76-C8AE55F50363}.Release|Any CPU.ActiveCfg = Release|Any CPU
		{946DB054-CEA9-45D7-9B76-C8AE55F50363}.Release|Any CPU.Build.0 = Release|Any CPU
		{5A497406-3BA6-4CFC-938C-C45C4706BA18}.Debug|Any CPU.ActiveCfg = Debug|Any CPU
		{5A497406-3BA6-4CFC-938C-C45C4706BA18}.Debug|Any CPU.Build.0 = Debug|Any CPU
		{5A497406-3BA6-4CFC-938C-C45C4706BA18}.Release|Any CPU.ActiveCfg = Release|Any CPU
		{5A497406-3BA6-4CFC-938C-C45C4706BA18}.Release|Any CPU.Build.0 = Release|Any CPU
	EndGlobalSection
	GlobalSection(SolutionProperties) = preSolution
		HideSolutionNode = FALSE
	EndGlobalSection
	GlobalSection(ExtensibilityGlobals) = postSolution
		SolutionGuid = {BF4EBF50-C3D4-447B-B16F-FF55F8C8A39F}
	EndGlobalSection
EndGlobal
